
Microsoft Visual Studio Solution File, Format Version 12.00
# Visual Studio Version 16
VisualStudioVersion = 16.0.28803.202
MinimumVisualStudioVersion = 10.0.40219.1
Project("{FAE04EC0-301F-11D3-BF4B-00C04F79EFBC}") = "Sedentary Reminder", "Reminder\Sedentary Reminder.csproj", "{90E555B9-A8FA-45DC-A452-5CD7C0220EAC}"
EndProject
Global
	GlobalSection(SolutionConfigurationPlatforms) = preSolution
		Debug|Any CPU = Debug|Any CPU
		Release|Any CPU = Release|Any CPU
	EndGlobalSection
	GlobalSection(ProjectConfigurationPlatforms) = postSolution
		{90E555B9-A8FA-45DC-A452-5CD7C0220EAC}.Debug|Any CPU.ActiveCfg = Debug|Any CPU
		{90E555B9-A8FA-45DC-A452-5CD7C0220EAC}.Debug|Any CPU.Build.0 = Debug|Any CPU
		{90E555B9-A8FA-45DC-A452-5CD7C0220EAC}.Release|Any CPU.ActiveCfg = Release|Any CPU
		{90E555B9-A8FA-45DC-A452-5CD7C0220EAC}.Release|Any CPU.Build.0 = Release|Any CPU
	EndGlobalSection
	GlobalSection(SolutionProperties) = preSolution
		HideSolutionNode = FALSE
	EndGlobalSection
	GlobalSection(ExtensibilityGlobals) = postSolution
		SolutionGuid = {01F0DF6B-C3ED-4C46-9628-C6D0507638FE}
	EndGlobalSection
EndGlobal
